
Microsoft Visual Studio Solution File, Format Version 12.00
# Visual Studio Version 16
VisualStudioVersion = 16.0.29001.49
MinimumVisualStudioVersion = 10.0.40219.1
Project("{FAE04EC0-301F-11D3-BF4B-00C04F79EFBC}") = "WpfApp4", "WpfApp4\WpfApp4.csproj", "{7E39FF75-E702-4A4D-8459-BC92BA464EA7}"
EndProject
Global
	GlobalSection(SolutionConfigurationPlatforms) = preSolution
		Debug|Any CPU = Debug|Any CPU
		Release|Any CPU = Release|Any CPU
	EndGlobalSection
	GlobalSection(ProjectConfigurationPlatforms) = postSolution
		{7E39FF75-E702-4A4D-8459-BC92BA464EA7}.Debug|Any CPU.ActiveCfg = Debug|Any CPU
		{7E39FF75-E702-4A4D-8459-BC92BA464EA7}.Debug|Any CPU.Build.0 = Debug|Any CPU
		{7E39FF75-E702-4A4D-8459-BC92BA464EA7}.Release|Any CPU.ActiveCfg = Release|Any CPU
		{7E39FF75-E702-4A4D-8459-BC92BA464EA7}.Release|Any CPU.Build.0 = Release|Any CPU
	EndGlobalSection
	GlobalSection(SolutionProperties) = preSolution
		HideSolutionNode = FALSE
	EndGlobalSection
	GlobalSection(ExtensibilityGlobals) = postSolution
		SolutionGuid = {F0ABEA46-C5DE-47AF-8656-FCE3B9FBF223}
	EndGlobalSection
EndGlobal
